Microsoft Visual Studio Solution File, Format Version 12.00
# Visual Studio Version 17
VisualStudioVersion = 17.5.2.0
MinimumVisualStudioVersion = 10.0.40219.1
Project("{FAE04EC0-301F-11D3-BF4B-00C04F79EFBC}") = "CurrencyExchange2", "CurrencyExchange2.csproj", "{DF9B8436-2055-0CA6-BA7B-E72F27556945}"
EndProject
Global
	GlobalSection(SolutionConfigurationPlatforms) = preSolution
		Debug|Any CPU = Debug|Any CPU
		Release|Any CPU = Release|Any CPU
	EndGlobalSection
	GlobalSection(ProjectConfigurationPlatforms) = postSolution
		{DF9B8436-2055-0CA6-BA7B-E72F27556945}.Debug|Any CPU.ActiveCfg = Debug|Any CPU
		{DF9B8436-2055-0CA6-BA7B-E72F27556945}.Debug|Any CPU.Build.0 = Debug|Any CPU
		{DF9B8436-2055-0CA6-BA7B-E72F27556945}.Release|Any CPU.ActiveCfg = Release|Any CPU
		{DF9B8436-2055-0CA6-BA7B-E72F27556945}.Release|Any CPU.Build.0 = Release|Any CPU
	EndGlobalSection
	GlobalSection(SolutionProperties) = preSolution
		HideSolutionNode = FALSE
	EndGlobalSection
	GlobalSection(ExtensibilityGlobals) = postSolution
		SolutionGuid = {0B119851-F9BE-4FB8-AA64-F4AE51450219}
	EndGlobalSection
EndGlobal
